
Microsoft Visual Studio Solution File, Format Version 12.00
# Visual Studio Version 16
VisualStudioVersion = 16.0.32602.290
MinimumVisualStudioVersion = 10.0.40219.1
Project("{FAE04EC0-301F-11D3-BF4B-00C04F79EFBC}") = "Comida", "Comida\Comida.csproj", "{165710B4-6826-4F5B-AB52-D0ABB6418FDC}"
EndProject
Global
	GlobalSection(SolutionConfigurationPlatforms) = preSolution
		Debug|Any CPU = Debug|Any CPU
		Release|Any CPU = Release|Any CPU
	EndGlobalSection
	GlobalSection(ProjectConfigurationPlatforms) = postSolution
		{165710B4-6826-4F5B-AB52-D0ABB6418FDC}.Debug|Any CPU.ActiveCfg = Debug|Any CPU
		{165710B4-6826-4F5B-AB52-D0ABB6418FDC}.Debug|Any CPU.Build.0 = Debug|Any CPU
		{165710B4-6826-4F5B-AB52-D0ABB6418FDC}.Release|Any CPU.ActiveCfg = Release|Any CPU
		{165710B4-6826-4F5B-AB52-D0ABB6418FDC}.Release|Any CPU.Build.0 = Release|Any CPU
	EndGlobalSection
	GlobalSection(SolutionProperties) = preSolution
		HideSolutionNode = FALSE
	EndGlobalSection
	GlobalSection(ExtensibilityGlobals) = postSolution
		SolutionGuid = {6C4828C6-4235-4B25-804B-E5FC41910D2D}
	EndGlobalSection
EndGlobal
